<?xml version="1.0" encoding="UTF-8" standalone="yes" ?>
<CodeBlocks_project_file>
	<FileVersion major="1" minor="6" />
	<Project>
		<Option title="PECL1" />
		<Option pch_mode="2" />
		<Option compiler="gcc" />
		<Build>
			<Target title="Debug">
				<Option output="bin/Debug/PECL1" prefix_auto="1" extension_auto="1" />
				<Option object_output="obj/Debug/" />
				<Option type="1" />
				<Option compiler="gcc" />
				<Compiler>
					<Add option="-g" />
					<Add directory="include" />
				</Compiler>
			</Target>
			<Target title="Release">
				<Option output="bin/Release/PECL1" prefix_auto="1" extension_auto="1" />
				<Option object_output="obj/Release/" />
				<Option type="1" />
				<Option compiler="gcc" />
				<Compiler>
					<Add option="-O2" />
					<Add directory="include" />
				</Compiler>
				<Linker>
					<Add option="-s" />
				</Linker>
			</Target>
		</Build>
		<Compiler>
			<Add option="-Wall" />
			<Add option="-fexceptions" />
		</Compiler>
		<Unit filename="include/Central.hpp" />
		<Unit filename="include/CodigoId.hpp" />
		<Unit filename="include/Cola.hpp" />
		<Unit filename="include/Coord.hpp" />
		<Unit filename="include/Etiqueta.hpp" />
		<Unit filename="include/Muelle.hpp" />
		<Unit filename="include/Nif.hpp" />
		<Unit filename="include/NodoCola.hpp" />
		<Unit filename="include/Pila.hpp" />
		<Unit filename="include/Random.hpp" />
		<Unit filename="include/Semicoord.hpp" />
		<Unit filename="main.cpp" />
		<Unit filename="src/Central.cpp" />
		<Unit filename="src/CodigoId.cpp" />
		<Unit filename="src/Cola.cpp" />
		<Unit filename="src/Coord.cpp" />
		<Unit filename="src/Etiqueta.cpp" />
		<Unit filename="src/Muelle.cpp" />
		<Unit filename="src/Nif.cpp" />
		<Unit filename="src/NodoCola.cpp" />
		<Unit filename="src/Pila.cpp" />
		<Unit filename="src/Random.cpp" />
		<Unit filename="src/Semicoord.cpp" />
		<Extensions>
			<lib_finder disable_auto="1" />
		</Extensions>
	</Project>
</CodeBlocks_project_file>
